
Microsoft Visual Studio Solution File, Format Version 12.00
# Visual Studio Version 16
VisualStudioVersion = 16.0.32929.386
MinimumVisualStudioVersion = 10.0.40219.1
Project("{8BC9CEB8-8B4A-11D0-8D11-00A0C91BC942}") = "DinosaurEraGame", "DinosaurEraGame\DinosaurEraGame.vcxproj", "{2EB260AC-C6E9-4E80-961D-095FE7EEDD60}"
EndProject
Project("{8BC9CEB8-8B4A-11D0-8D11-00A0C91BC942}") = "Test_DinoEraCore", "Test_DinoEraCore\Test_DinoEraCore.vcxproj", "{41D79AA8-8FAB-48E5-B26F-A838DC26ADC9}"
EndProject
Project("{8BC9CEB8-8B4A-11D0-8D11-00A0C91BC942}") = "CoreMechanics", "CoreMechanics\CoreMechanics.vcxproj", "{750592F2-CC4D-41A3-9C05-45DC63554EDD}"
EndProject
Global
	GlobalSection(SolutionConfigurationPlatforms) = preSolution
		Debug|x64 = Debug|x64
		Debug|x86 = Debug|x86
		Release|x64 = Release|x64
		Release|x86 = Release|x86
	EndGlobalSection
	GlobalSection(ProjectConfigurationPlatforms) = postSolution
		{2EB260AC-C6E9-4E80-961D-095FE7EEDD60}.Debug|x64.ActiveCfg = Debug|x64
		{2EB260AC-C6E9-4E80-961D-095FE7EEDD60}.Debug|x64.Build.0 = Debug|x64
		{2EB260AC-C6E9-4E80-961D-095FE7EEDD60}.Debug|x86.ActiveCfg = Debug|Win32
		{2EB260AC-C6E9-4E80-961D-095FE7EEDD60}.Debug|x86.Build.0 = Debug|Win32
		{2EB260AC-C6E9-4E80-961D-095FE7EEDD60}.Release|x64.ActiveCfg = Release|x64
		{2EB260AC-C6E9-4E80-961D-095FE7EEDD60}.Release|x64.Build.0 = Release|x64
		{2EB260AC-C6E9-4E80-961D-095FE7EEDD60}.Release|x86.ActiveCfg = Release|Win32
		{2EB260AC-C6E9-4E80-961D-095FE7EEDD60}.Release|x86.Build.0 = Release|Win32
		{41D79AA8-8FAB-48E5-B26F-A838DC26ADC9}.Debug|x64.ActiveCfg = Debug|x64
		{41D79AA8-8FAB-48E5-B26F-A838DC26ADC9}.Debug|x64.Build.0 = Debug|x64
		{41D79AA8-8FAB-48E5-B26F-A838DC26ADC9}.Debug|x86.ActiveCfg = Debug|Win32
		{41D79AA8-8FAB-48E5-B26F-A838DC26ADC9}.Debug|x86.Build.0 = Debug|Win32
		{41D79AA8-8FAB-48E5-B26F-A838DC26ADC9}.Release|x64.ActiveCfg = Release|x64
		{41D79AA8-8FAB-48E5-B26F-A838DC26ADC9}.Release|x64.Build.0 = Release|x64
		{41D79AA8-8FAB-48E5-B26F-A838DC26ADC9}.Release|x86.ActiveCfg = Release|Win32
		{41D79AA8-8FAB-48E5-B26F-A838DC26ADC9}.Release|x86.Build.0 = Release|Win32
		{750592F2-CC4D-41A3-9C05-45DC63554EDD}.Debug|x64.ActiveCfg = Debug|x64
		{750592F2-CC4D-41A3-9C05-45DC63554EDD}.Debug|x64.Build.0 = Debug|x64
		{750592F2-CC4D-41A3-9C05-45DC63554EDD}.Debug|x86.ActiveCfg = Debug|Win32
		{750592F2-CC4D-41A3-9C05-45DC63554EDD}.Debug|x86.Build.0 = Debug|Win32
		{750592F2-CC4D-41A3-9C05-45DC63554EDD}.Release|x64.ActiveCfg = Release|x64
		{750592F2-CC4D-41A3-9C05-45DC63554EDD}.Release|x64.Build.0 = Release|x64
		{750592F2-CC4D-41A3-9C05-45DC63554EDD}.Release|x86.ActiveCfg = Release|Win32
		{750592F2-CC4D-41A3-9C05-45DC63554EDD}.Release|x86.Build.0 = Release|Win32
	EndGlobalSection
	GlobalSection(SolutionProperties) = preSolution
		HideSolutionNode = FALSE
	EndGlobalSection
	GlobalSection(ExtensibilityGlobals) = postSolution
		SolutionGuid = {55E07DD3-CC33-4335-81FF-4CC62BBE9500}
	EndGlobalSection
EndGlobal
